
Microsoft Visual Studio Solution File, Format Version 12.00
Project("{FAE04EC0-301F-11D3-BF4B-00C04F79EFBC}") = "DataAccess", "DataAccess\DataAccess.csproj", "{71E8A585-EADA-4A42-A5B5-DDB6858B6BF2}"
EndProject
Project("{FAE04EC0-301F-11D3-BF4B-00C04F79EFBC}") = "Business", "Business\Business.csproj", "{E99C8461-7E01-4CE0-BE97-4E328D65C33D}"
EndProject
Project("{FAE04EC0-301F-11D3-BF4B-00C04F79EFBC}") = "Entities", "Entities\Entities.csproj", "{BE607C72-4798-4064-B7BF-C070183D5A50}"
EndProject
Project("{FAE04EC0-301F-11D3-BF4B-00C04F79EFBC}") = "ConsoleUI", "ConsoleUI\ConsoleUI.csproj", "{148AAEBA-75E9-47B1-ADC9-A3406B391B71}"
EndProject
Project("{FAE04EC0-301F-11D3-BF4B-00C04F79EFBC}") = "Core", "Core\Core.csproj", "{277EF277-A540-47A0-BC84-21316DC38220}"
EndProject
Project("{FAE04EC0-301F-11D3-BF4B-00C04F79EFBC}") = "WebAPI", "WebAPI\WebAPI.csproj", "{71307D3D-9811-40FE-8609-1E48633337AD}"
EndProject
Global
	GlobalSection(SolutionConfigurationPlatforms) = preSolution
		Debug|Any CPU = Debug|Any CPU
		Release|Any CPU = Release|Any CPU
	EndGlobalSection
	GlobalSection(ProjectConfigurationPlatforms) = postSolution
		{71E8A585-EADA-4A42-A5B5-DDB6858B6BF2}.Debug|Any CPU.ActiveCfg = Debug|Any CPU
		{71E8A585-EADA-4A42-A5B5-DDB6858B6BF2}.Debug|Any CPU.Build.0 = Debug|Any CPU
		{71E8A585-EADA-4A42-A5B5-DDB6858B6BF2}.Release|Any CPU.ActiveCfg = Release|Any CPU
		{71E8A585-EADA-4A42-A5B5-DDB6858B6BF2}.Release|Any CPU.Build.0 = Release|Any CPU
		{E99C8461-7E01-4CE0-BE97-4E328D65C33D}.Debug|Any CPU.ActiveCfg = Debug|Any CPU
		{E99C8461-7E01-4CE0-BE97-4E328D65C33D}.Debug|Any CPU.Build.0 = Debug|Any CPU
		{E99C8461-7E01-4CE0-BE97-4E328D65C33D}.Release|Any CPU.ActiveCfg = Release|Any CPU
		{E99C8461-7E01-4CE0-BE97-4E328D65C33D}.Release|Any CPU.Build.0 = Release|Any CPU
		{BE607C72-4798-4064-B7BF-C070183D5A50}.Debug|Any CPU.ActiveCfg = Debug|Any CPU
		{BE607C72-4798-4064-B7BF-C070183D5A50}.Debug|Any CPU.Build.0 = Debug|Any CPU
		{BE607C72-4798-4064-B7BF-C070183D5A50}.Release|Any CPU.ActiveCfg = Release|Any CPU
		{BE607C72-4798-4064-B7BF-C070183D5A50}.Release|Any CPU.Build.0 = Release|Any CPU
		{148AAEBA-75E9-47B1-ADC9-A3406B391B71}.Debug|Any CPU.ActiveCfg = Debug|Any CPU
		{148AAEBA-75E9-47B1-ADC9-A3406B391B71}.Debug|Any CPU.Build.0 = Debug|Any CPU
		{148AAEBA-75E9-47B1-ADC9-A3406B391B71}.Release|Any CPU.ActiveCfg = Release|Any CPU
		{148AAEBA-75E9-47B1-ADC9-A3406B391B71}.Release|Any CPU.Build.0 = Release|Any CPU
		{277EF277-A540-47A0-BC84-21316DC38220}.Debug|Any CPU.ActiveCfg = Debug|Any CPU
		{277EF277-A540-47A0-BC84-21316DC38220}.Debug|Any CPU.Build.0 = Debug|Any CPU
		{277EF277-A540-47A0-BC84-21316DC38220}.Release|Any CPU.ActiveCfg = Release|Any CPU
		{277EF277-A540-47A0-BC84-21316DC38220}.Release|Any CPU.Build.0 = Release|Any CPU
		{71307D3D-9811-40FE-8609-1E48633337AD}.Debug|Any CPU.ActiveCfg = Debug|Any CPU
		{71307D3D-9811-40FE-8609-1E48633337AD}.Debug|Any CPU.Build.0 = Debug|Any CPU
		{71307D3D-9811-40FE-8609-1E48633337AD}.Release|Any CPU.ActiveCfg = Release|Any CPU
		{71307D3D-9811-40FE-8609-1E48633337AD}.Release|Any CPU.Build.0 = Release|Any CPU
	EndGlobalSection
EndGlobal
